
Microsoft Visual Studio Solution File, Format Version 12.00
# Visual Studio Version 16
VisualStudioVersion = 16.0.30804.86
MinimumVisualStudioVersion = 10.0.40219.1
Project("{FAE04EC0-301F-11D3-BF4B-00C04F79EFBC}") = "Web-Scrape-C-Sharp-NET-Core", "Web-Scrape-C-Sharp-NET-Core\Web-Scrape-C-Sharp-NET-Core.csproj", "{DB35211D-2833-4BBC-BF23-5EEB11714EAA}"
EndProject
Global
	GlobalSection(SolutionConfigurationPlatforms) = preSolution
		Debug|Any CPU = Debug|Any CPU
		Release|Any CPU = Release|Any CPU
	EndGlobalSection
	GlobalSection(ProjectConfigurationPlatforms) = postSolution
		{DB35211D-2833-4BBC-BF23-5EEB11714EAA}.Debug|Any CPU.ActiveCfg = Debug|Any CPU
		{DB35211D-2833-4BBC-BF23-5EEB11714EAA}.Debug|Any CPU.Build.0 = Debug|Any CPU
		{DB35211D-2833-4BBC-BF23-5EEB11714EAA}.Release|Any CPU.ActiveCfg = Release|Any CPU
		{DB35211D-2833-4BBC-BF23-5EEB11714EAA}.Release|Any CPU.Build.0 = Release|Any CPU
	EndGlobalSection
	GlobalSection(SolutionProperties) = preSolution
		HideSolutionNode = FALSE
	EndGlobalSection
	GlobalSection(ExtensibilityGlobals) = postSolution
		SolutionGuid = {87D71233-CC2B-4273-87C7-5EA822315DEF}
	EndGlobalSection
EndGlobal
